// !$*UTF8*$!
{
	archiveVersion = 1;
	classes = {
	};
	objectVersion = 46;
	objects = {

/* Begin PBXBuildFile section */
		00A34B9296A663D19FB04E87 /* libPods.a in Frameworks */ = {isa = PBXBuildFile; fileRef = FDAFC8878B3B71B4B6E7BEFA /* libPods.a */; };
		7C9C8BA51B21FEE9003D360C /* PhotoSource.h in Headers */ = {isa = PBXBuildFile; fileRef = 7C9C8BA41B21FEE9003D360C /* PhotoSource.h */; };
		7C9C8BA91B220037003D360C /* FivehundredSource.h in Headers */ = {isa = PBXBuildFile; fileRef = 7C9C8BA71B220037003D360C /* FivehundredSource.h */; };
		7C9C8BAA1B220037003D360C /* FivehundredSource.m in Sources */ = {isa = PBXBuildFile; fileRef = 7C9C8BA81B220037003D360C /* FivehundredSource.m */; };
		7C9C8BB51B22063C003D360C /* AppDelegate.m in Sources */ = {isa = PBXBuildFile; fileRef = 7C9C8BB41B22063C003D360C /* AppDelegate.m */; };
		7C9C8BB71B22063C003D360C /* main.m in Sources */ = {isa = PBXBuildFile; fileRef = 7C9C8BB61B22063C003D360C /* main.m */; };
		7C9C8BB91B22063C003D360C /* Images.xcassets in Resources */ = {isa = PBXBuildFile; fileRef = 7C9C8BB81B22063C003D360C /* Images.xcassets */; };
		7C9C8BBC1B22063C003D360C /* MainMenu.xib in Resources */ = {isa = PBXBuildFile; fileRef = 7C9C8BBA1B22063C003D360C /* MainMenu.xib */; };
		7C9C8BD81B220A0C003D360C /* FivehundredSource.m in Sources */ = {isa = PBXBuildFile; fileRef = 7C9C8BA81B220037003D360C /* FivehundredSource.m */; };
		7C9C8BD91B220A0C003D360C /* ScreenSaver500pxView.m in Sources */ = {isa = PBXBuildFile; fileRef = CED7C3D91B21D2A20098027B /* ScreenSaver500pxView.m */; };
		7C9C8BDA1B220A2B003D360C /* libPods.a in Frameworks */ = {isa = PBXBuildFile; fileRef = FDAFC8878B3B71B4B6E7BEFA /* libPods.a */; };
		7C9C8BDD1B2211D6003D360C /* PhotoSourceManager.h in Headers */ = {isa = PBXBuildFile; fileRef = 7C9C8BDB1B2211D6003D360C /* PhotoSourceManager.h */; };
		7C9C8BDE1B2211D6003D360C /* PhotoSourceManager.m in Sources */ = {isa = PBXBuildFile; fileRef = 7C9C8BDC1B2211D6003D360C /* PhotoSourceManager.m */; };
		7C9C8BDF1B221390003D360C /* PhotoSourceManager.m in Sources */ = {isa = PBXBuildFile; fileRef = 7C9C8BDC1B2211D6003D360C /* PhotoSourceManager.m */; };
		7C9C8BE11B2219AA003D360C /* PhotoSource.m in Sources */ = {isa = PBXBuildFile; fileRef = 7C9C8BE01B2219AA003D360C /* PhotoSource.m */; };
		7C9C8BE21B221A9D003D360C /* PhotoSource.m in Sources */ = {isa = PBXBuildFile; fileRef = 7C9C8BE01B2219AA003D360C /* PhotoSource.m */; };
		7C9C8BED1B22462D003D360C /* Collections+Debug.h in Headers */ = {isa = PBXBuildFile; fileRef = 7C9C8BEB1B22462D003D360C /* Collections+Debug.h */; };
		7C9C8BEE1B22462D003D360C /* Collections+Debug.m in Sources */ = {isa = PBXBuildFile; fileRef = 7C9C8BEC1B22462D003D360C /* Collections+Debug.m */; };
		7C9C8BEF1B224794003D360C /* Collections+Debug.m in Sources */ = {isa = PBXBuildFile; fileRef = 7C9C8BEC1B22462D003D360C /* Collections+Debug.m */; };
		7C9C8BF41B226062003D360C /* Common.h in Headers */ = {isa = PBXBuildFile; fileRef = 7C9C8BF21B226062003D360C /* Common.h */; };
		7C9C8BF51B226062003D360C /* Common.m in Sources */ = {isa = PBXBuildFile; fileRef = 7C9C8BF31B226062003D360C /* Common.m */; };
		7C9C8BF61B22611F003D360C /* Common.m in Sources */ = {isa = PBXBuildFile; fileRef = 7C9C8BF31B226062003D360C /* Common.m */; };
		7C9C8BF91B232563003D360C /* NSObject+Conversion.h in Headers */ = {isa = PBXBuildFile; fileRef = 7C9C8BF71B232563003D360C /* NSObject+Conversion.h */; };
		7C9C8BFA1B232563003D360C /* NSObject+Conversion.m in Sources */ = {isa = PBXBuildFile; fileRef = 7C9C8BF81B232563003D360C /* NSObject+Conversion.m */; };
		7C9C8BFB1B2327ED003D360C /* NSObject+Conversion.m in Sources */ = {isa = PBXBuildFile; fileRef = 7C9C8BF81B232563003D360C /* NSObject+Conversion.m */; };
		CE8CD3E61B2267C40015A8C9 /* QuartzCore.framework in Frameworks */ = {isa = PBXBuildFile; fileRef = CE8CD3E51B2267C40015A8C9 /* QuartzCore.framework */; };
		CE8CD3E91B22EEB20015A8C9 /* ScreenSaverLayerView.h in Headers */ = {isa = PBXBuildFile; fileRef = CE8CD3E71B22EEB20015A8C9 /* ScreenSaverLayerView.h */; };
		CE8CD3EA1B22EEB20015A8C9 /* ScreenSaverLayerView.m in Sources */ = {isa = PBXBuildFile; fileRef = CE8CD3E81B22EEB20015A8C9 /* ScreenSaverLayerView.m */; };
		CE8CD3EB1B22F05E0015A8C9 /* ScreenSaverLayerView.m in Sources */ = {isa = PBXBuildFile; fileRef = CE8CD3E81B22EEB20015A8C9 /* ScreenSaverLayerView.m */; };
		CE8CD3F01B23572E0015A8C9 /* Images.xcassets in Resources */ = {isa = PBXBuildFile; fileRef = 7C9C8BB81B22063C003D360C /* Images.xcassets */; };
		CED7C3D81B21D2A20098027B /* ScreenSaver500pxView.h in Headers */ = {isa = PBXBuildFile; fileRef = CED7C3D71B21D2A20098027B /* ScreenSaver500pxView.h */; };
		CED7C3DA1B21D2A20098027B /* ScreenSaver500pxView.m in Sources */ = {isa = PBXBuildFile; fileRef = CED7C3D91B21D2A20098027B /* ScreenSaver500pxView.m */; };
/* End PBXBuildFile section */

/* Begin PBXFileReference section */
		7C9C8BA41B21FEE9003D360C /* PhotoSource.h */ = {isa = PBXFileReference; fileEncoding = 4; lastKnownFileType = sourcecode.c.h; name = PhotoSource.h; path = Classes/PhotoSource.h; sourceTree = "<group>"; };
		7C9C8BA71B220037003D360C /* FivehundredSource.h */ = {isa = PBXFileReference; fileEncoding = 4; lastKnownFileType = sourcecode.c.h; name = FivehundredSource.h; path = Classes/FivehundredSource.h; sourceTree = "<group>"; };
		7C9C8BA81B220037003D360C /* FivehundredSource.m */ = {isa = PBXFileReference; fileEncoding = 4; lastKnownFileType = sourcecode.c.objc; name = FivehundredSource.m; path = Classes/FivehundredSource.m; sourceTree = "<group>"; };
		7C9C8BAF1B22063C003D360C /* ScreenSaverLoader.app */ = {isa = PBXFileReference; explicitFileType = wrapper.application; includeInIndex = 0; path = ScreenSaverLoader.app; sourceTree = BUILT_PRODUCTS_DIR; };
		7C9C8BB21B22063C003D360C /* Info.plist */ = {isa = PBXFileReference; lastKnownFileType = text.plist.xml; path = Info.plist; sourceTree = "<group>"; };
		7C9C8BB31B22063C003D360C /* AppDelegate.h */ = {isa = PBXFileReference; lastKnownFileType = sourcecode.c.h; path = AppDelegate.h; sourceTree = "<group>"; };
		7C9C8BB41B22063C003D360C /* AppDelegate.m */ = {isa = PBXFileReference; lastKnownFileType = sourcecode.c.objc; path = AppDelegate.m; sourceTree = "<group>"; };
		7C9C8BB61B22063C003D360C /* main.m */ = {isa = PBXFileReference; lastKnownFileType = sourcecode.c.objc; path = main.m; sourceTree = "<group>"; };
		7C9C8BB81B22063C003D360C /* Images.xcassets */ = {isa = PBXFileReference; lastKnownFileType = folder.assetcatalog; name = Images.xcassets; path = ScreenSaverLoader/Images.xcassets; sourceTree = SOURCE_ROOT; };
		7C9C8BBB1B22063C003D360C /* Base */ = {isa = PBXFileReference; lastKnownFileType = file.xib; name = Base; path = Base.lproj/MainMenu.xib; sourceTree = "<group>"; };
		7C9C8BDB1B2211D6003D360C /* PhotoSourceManager.h */ = {isa = PBXFileReference; fileEncoding = 4; lastKnownFileType = sourcecode.c.h; name = PhotoSourceManager.h; path = Classes/PhotoSourceManager.h; sourceTree = "<group>"; };
		7C9C8BDC1B2211D6003D360C /* PhotoSourceManager.m */ = {isa = PBXFileReference; fileEncoding = 4; lastKnownFileType = sourcecode.c.objc; name = PhotoSourceManager.m; path = Classes/PhotoSourceManager.m; sourceTree = "<group>"; };
		7C9C8BE01B2219AA003D360C /* PhotoSource.m */ = {isa = PBXFileReference; fileEncoding = 4; lastKnownFileType = sourcecode.c.objc; name = PhotoSource.m; path = Classes/PhotoSource.m; sourceTree = "<group>"; };
		7C9C8BEB1B22462D003D360C /* Collections+Debug.h */ = {isa = PBXFileReference; fileEncoding = 4; lastKnownFileType = sourcecode.c.h; name = "Collections+Debug.h"; path = "Classes/Collections+Debug.h"; sourceTree = "<group>"; };
		7C9C8BEC1B22462D003D360C /* Collections+Debug.m */ = {isa = PBXFileReference; fileEncoding = 4; lastKnownFileType = sourcecode.c.objc; name = "Collections+Debug.m"; path = "Classes/Collections+Debug.m"; sourceTree = "<group>"; };
		7C9C8BF21B226062003D360C /* Common.h */ = {isa = PBXFileReference; fileEncoding = 4; lastKnownFileType = sourcecode.c.h; path = Common.h; sourceTree = "<group>"; };
		7C9C8BF31B226062003D360C /* Common.m */ = {isa = PBXFileReference; fileEncoding = 4; lastKnownFileType = sourcecode.c.objc; path = Common.m; sourceTree = "<group>"; };
		7C9C8BF71B232563003D360C /* NSObject+Conversion.h */ = {isa = PBXFileReference; fileEncoding = 4; lastKnownFileType = sourcecode.c.h; name = "NSObject+Conversion.h"; path = "Classes/NSObject+Conversion.h"; sourceTree = "<group>"; };
		7C9C8BF81B232563003D360C /* NSObject+Conversion.m */ = {isa = PBXFileReference; fileEncoding = 4; lastKnownFileType = sourcecode.c.objc; name = "NSObject+Conversion.m"; path = "Classes/NSObject+Conversion.m"; sourceTree = "<group>"; };
		BB200605C8ED7CF3310B464F /* Pods.debug.xcconfig */ = {isa = PBXFileReference; includeInIndex = 1; lastKnownFileType = text.xcconfig; name = Pods.debug.xcconfig; path = "Pods/Target Support Files/Pods/Pods.debug.xcconfig"; sourceTree = "<group>"; };
		BD232B21C7FBACBF029F0689 /* Pods.release.xcconfig */ = {isa = PBXFileReference; includeInIndex = 1; lastKnownFileType = text.xcconfig; name = Pods.release.xcconfig; path = "Pods/Target Support Files/Pods/Pods.release.xcconfig"; sourceTree = "<group>"; };
		CE8CD3E51B2267C40015A8C9 /* QuartzCore.framework */ = {isa = PBXFileReference; lastKnownFileType = wrapper.framework; name = QuartzCore.framework; path = System/Library/Frameworks/QuartzCore.framework; sourceTree = SDKROOT; };
		CE8CD3E71B22EEB20015A8C9 /* ScreenSaverLayerView.h */ = {isa = PBXFileReference; fileEncoding = 4; lastKnownFileType = sourcecode.c.h; path = ScreenSaverLayerView.h; sourceTree = "<group>"; };
		CE8CD3E81B22EEB20015A8C9 /* ScreenSaverLayerView.m */ = {isa = PBXFileReference; fileEncoding = 4; lastKnownFileType = sourcecode.c.objc; path = ScreenSaverLayerView.m; sourceTree = "<group>"; };
		CED7C3D21B21D2A20098027B /* 500px ScreenSaver.saver */ = {isa = PBXFileReference; explicitFileType = wrapper.cfbundle; includeInIndex = 0; path = "500px ScreenSaver.saver"; sourceTree = BUILT_PRODUCTS_DIR; };
		CED7C3D61B21D2A20098027B /* Info.plist */ = {isa = PBXFileReference; lastKnownFileType = text.plist.xml; path = Info.plist; sourceTree = "<group>"; };
		CED7C3D71B21D2A20098027B /* ScreenSaver500pxView.h */ = {isa = PBXFileReference; lastKnownFileType = sourcecode.c.h; path = ScreenSaver500pxView.h; sourceTree = "<group>"; };
		CED7C3D91B21D2A20098027B /* ScreenSaver500pxView.m */ = {isa = PBXFileReference; lastKnownFileType = sourcecode.c.objc; path = ScreenSaver500pxView.m; sourceTree = "<group>"; };
		FDAFC8878B3B71B4B6E7BEFA /* libPods.a */ = {isa = PBXFileReference; explicitFileType = archive.ar; includeInIndex = 0; path = libPods.a; sourceTree = BUILT_PRODUCTS_DIR; };
/* End PBXFileReference section */

/* Begin PBXFrameworksBuildPhase section */
		7C9C8BAC1B22063C003D360C /* Frameworks */ = {
			isa = PBXFrameworksBuildPhase;
			buildActionMask = 2147483647;
			files = (
				7C9C8BDA1B220A2B003D360C /* libPods.a in Frameworks */,
			);
			runOnlyForDeploymentPostprocessing = 0;
		};
		CED7C3CE1B21D2A20098027B /* Frameworks */ = {
			isa = PBXFrameworksBuildPhase;
			buildActionMask = 2147483647;
			files = (
				CE8CD3E61B2267C40015A8C9 /* QuartzCore.framework in Frameworks */,
				00A34B9296A663D19FB04E87 /* libPods.a in Frameworks */,
			);
			runOnlyForDeploymentPostprocessing = 0;
		};
/* End PBXFrameworksBuildPhase section */

/* Begin PBXGroup section */
		7A003FF4C284F24EB38E0C24 /* Pods */ = {
			isa = PBXGroup;
			children = (
				BB200605C8ED7CF3310B464F /* Pods.debug.xcconfig */,
				BD232B21C7FBACBF029F0689 /* Pods.release.xcconfig */,
			);
			name = Pods;
			sourceTree = "<group>";
		};
		7C9C8BA31B21FE7C003D360C /* PhotoSource */ = {
			isa = PBXGroup;
			children = (
				7C9C8BA41B21FEE9003D360C /* PhotoSource.h */,
				7C9C8BE01B2219AA003D360C /* PhotoSource.m */,
				7C9C8BDB1B2211D6003D360C /* PhotoSourceManager.h */,
				7C9C8BDC1B2211D6003D360C /* PhotoSourceManager.m */,
			);
			name = PhotoSource;
			sourceTree = "<group>";
		};
		7C9C8BA61B21FFE6003D360C /* 500pxSource */ = {
			isa = PBXGroup;
			children = (
				7C9C8BA71B220037003D360C /* FivehundredSource.h */,
				7C9C8BA81B220037003D360C /* FivehundredSource.m */,
				7C9C8BF21B226062003D360C /* Common.h */,
				7C9C8BF31B226062003D360C /* Common.m */,
			);
			name = 500pxSource;
			sourceTree = "<group>";
		};
		7C9C8BB01B22063C003D360C /* ScreenSaverLoader */ = {
			isa = PBXGroup;
			children = (
				7C9C8BB31B22063C003D360C /* AppDelegate.h */,
				7C9C8BB41B22063C003D360C /* AppDelegate.m */,
				7C9C8BBA1B22063C003D360C /* MainMenu.xib */,
				7C9C8BB11B22063C003D360C /* Supporting Files */,
			);
			path = ScreenSaverLoader;
			sourceTree = "<group>";
		};
		7C9C8BB11B22063C003D360C /* Supporting Files */ = {
			isa = PBXGroup;
			children = (
				7C9C8BB21B22063C003D360C /* Info.plist */,
				7C9C8BB61B22063C003D360C /* main.m */,
			);
			name = "Supporting Files";
			sourceTree = "<group>";
		};
		AD27FF8C493A653326C0B773 /* Frameworks */ = {
			isa = PBXGroup;
			children = (
				CE8CD3E51B2267C40015A8C9 /* QuartzCore.framework */,
				FDAFC8878B3B71B4B6E7BEFA /* libPods.a */,
			);
			name = Frameworks;
			sourceTree = "<group>";
		};
		CED7C3C81B21D2A20098027B = {
			isa = PBXGroup;
			children = (
				CED7C3D41B21D2A20098027B /* ScreenSaver */,
				7C9C8BB01B22063C003D360C /* ScreenSaverLoader */,
				CED7C3D31B21D2A20098027B /* Products */,
				7A003FF4C284F24EB38E0C24 /* Pods */,
				AD27FF8C493A653326C0B773 /* Frameworks */,
			);
			sourceTree = "<group>";
		};
		CED7C3D31B21D2A20098027B /* Products */ = {
			isa = PBXGroup;
			children = (
				CED7C3D21B21D2A20098027B /* 500px ScreenSaver.saver */,
				7C9C8BAF1B22063C003D360C /* ScreenSaverLoader.app */,
			);
			name = Products;
			sourceTree = "<group>";
		};
		CED7C3D41B21D2A20098027B /* ScreenSaver */ = {
			isa = PBXGroup;
			children = (
				7C9C8BA61B21FFE6003D360C /* 500pxSource */,
				7C9C8BA31B21FE7C003D360C /* PhotoSource */,
				CED7C3D71B21D2A20098027B /* ScreenSaver500pxView.h */,
				CED7C3D91B21D2A20098027B /* ScreenSaver500pxView.m */,
				CE8CD3E71B22EEB20015A8C9 /* ScreenSaverLayerView.h */,
				CE8CD3E81B22EEB20015A8C9 /* ScreenSaverLayerView.m */,
				CED7C3D51B21D2A20098027B /* Supporting Files */,
				7C9C8BEB1B22462D003D360C /* Collections+Debug.h */,
				7C9C8BEC1B22462D003D360C /* Collections+Debug.m */,
				7C9C8BF71B232563003D360C /* NSObject+Conversion.h */,
				7C9C8BF81B232563003D360C /* NSObject+Conversion.m */,
			);
			path = ScreenSaver;
			sourceTree = "<group>";
		};
		CED7C3D51B21D2A20098027B /* Supporting Files */ = {
			isa = PBXGroup;
			children = (
				7C9C8BB81B22063C003D360C /* Images.xcassets */,
				CED7C3D61B21D2A20098027B /* Info.plist */,
			);
			name = "Supporting Files";
			sourceTree = "<group>";
		};
/* End PBXGroup section */

/* Begin PBXHeadersBuildPhase section */
		CED7C3CF1B21D2A20098027B /* Headers */ = {
			isa = PBXHeadersBuildPhase;
			buildActionMask = 2147483647;
			files = (
				7C9C8BED1B22462D003D360C /* Collections+Debug.h in Headers */,
				CE8CD3E91B22EEB20015A8C9 /* ScreenSaverLayerView.h in Headers */,
				7C9C8BDD1B2211D6003D360C /* PhotoSourceManager.h in Headers */,
				7C9C8BA91B220037003D360C /* FivehundredSource.h in Headers */,
				7C9C8BF91B232563003D360C /* NSObject+Conversion.h in Headers */,
				7C9C8BA51B21FEE9003D360C /* PhotoSource.h in Headers */,
				CED7C3D81B21D2A20098027B /* ScreenSaver500pxView.h in Headers */,
				7C9C8BF41B226062003D360C /* Common.h in Headers */,
			);
			runOnlyForDeploymentPostprocessing = 0;
		};
/* End PBXHeadersBuildPhase section */

/* Begin PBXNativeTarget section */
		7C9C8BAE1B22063C003D360C /* ScreenSaverLoader */ = {
			isa = PBXNativeTarget;
			buildConfigurationList = 7C9C8BC91B22063C003D360C /* Build configuration list for PBXNativeTarget "ScreenSaverLoader" */;
			buildPhases = (
				7C9C8BAB1B22063C003D360C /* Sources */,
				7C9C8BAC1B22063C003D360C /* Frameworks */,
				7C9C8BAD1B22063C003D360C /* Resources */,
			);
			buildRules = (
			);
			dependencies = (
			);
			name = ScreenSaverLoader;
			productName = ScreenSaverLoader;
			productReference = 7C9C8BAF1B22063C003D360C /* ScreenSaverLoader.app */;
			productType = "com.apple.product-type.application";
		};
		CED7C3D11B21D2A20098027B /* ScreenSaver */ = {
			isa = PBXNativeTarget;
			buildConfigurationList = CED7C3DD1B21D2A20098027B /* Build configuration list for PBXNativeTarget "ScreenSaver" */;
			buildPhases = (
				D5F3231C7E8868D424D077AE /* Check Pods Manifest.lock */,
				CED7C3CD1B21D2A20098027B /* Sources */,
				CED7C3CE1B21D2A20098027B /* Frameworks */,
				CED7C3CF1B21D2A20098027B /* Headers */,
				CED7C3D01B21D2A20098027B /* Resources */,
				F0B336DC80E4A07C0218AC28 /* Copy Pods Resources */,
			);
			buildRules = (
			);
			dependencies = (
			);
			name = ScreenSaver;
			productName = ScreenSaver;
			productReference = CED7C3D21B21D2A20098027B /* 500px ScreenSaver.saver */;
			productType = "com.apple.product-type.bundle";
		};
/* End PBXNativeTarget section */

/* Begin PBXProject section */
		CED7C3C91B21D2A20098027B /* Project object */ = {
			isa = PBXProject;
			attributes = {
				LastUpgradeCheck = 0630;
				ORGANIZATIONNAME = "Сергей Галездинов";
				TargetAttributes = {
					7C9C8BAE1B22063C003D360C = {
						CreatedOnToolsVersion = 6.3.2;
					};
					CED7C3D11B21D2A20098027B = {
						CreatedOnToolsVersion = 6.3.2;
					};
				};
			};
			buildConfigurationList = CED7C3CC1B21D2A20098027B /* Build configuration list for PBXProject "ScreenSaver" */;
			compatibilityVersion = "Xcode 3.2";
			developmentRegion = English;
			hasScannedForEncodings = 0;
			knownRegions = (
				en,
				Base,
			);
			mainGroup = CED7C3C81B21D2A20098027B;
			productRefGroup = CED7C3D31B21D2A20098027B /* Products */;
			projectDirPath = "";
			projectRoot = "";
			targets = (
				CED7C3D11B21D2A20098027B /* ScreenSaver */,
				7C9C8BAE1B22063C003D360C /* ScreenSaverLoader */,
			);
		};
/* End PBXProject section */

/* Begin PBXResourcesBuildPhase section */
		7C9C8BAD1B22063C003D360C /* Resources */ = {
			isa = PBXResourcesBuildPhase;
			buildActionMask = 2147483647;
			files = (
				7C9C8BB91B22063C003D360C /* Images.xcassets in Resources */,
				7C9C8BBC1B22063C003D360C /* MainMenu.xib in Resources */,
			);
			runOnlyForDeploymentPostprocessing = 0;
		};
		CED7C3D01B21D2A20098027B /* Resources */ = {
			isa = PBXResourcesBuildPhase;
			buildActionMask = 2147483647;
			files = (
				CE8CD3F01B23572E0015A8C9 /* Images.xcassets in Resources */,
			);
			runOnlyForDeploymentPostprocessing = 0;
		};
/* End PBXResourcesBuildPhase section */

/* Begin PBXShellScriptBuildPhase section */
		D5F3231C7E8868D424D077AE /* Check Pods Manifest.lock */ = {
			isa = PBXShellScriptBuildPhase;
			buildActionMask = 2147483647;
			files = (
			);
			inputPaths = (
			);
			name = "Check Pods Manifest.lock";
			outputPaths = (
			);
			runOnlyForDeploymentPostprocessing = 0;
			shellPath = /bin/sh;
			shellScript = "diff \"${PODS_ROOT}/../Podfile.lock\" \"${PODS_ROOT}/Manifest.lock\" > /dev/null\nif [[ $? != 0 ]] ; then\n    cat << EOM\nerror: The sandbox is not in sync with the Podfile.lock. Run 'pod install' or update your CocoaPods installation.\nEOM\n    exit 1\nfi\n";
			showEnvVarsInLog = 0;
		};
		F0B336DC80E4A07C0218AC28 /* Copy Pods Resources */ = {
			isa = PBXShellScriptBuildPhase;
			buildActionMask = 2147483647;
			files = (
			);
			inputPaths = (
			);
			name = "Copy Pods Resources";
			outputPaths = (
			);
			runOnlyForDeploymentPostprocessing = 0;
			shellPath = /bin/sh;
			shellScript = "\"${SRCROOT}/Pods/Target Support Files/Pods/Pods-resources.sh\"\n";
			showEnvVarsInLog = 0;
		};
/* End PBXShellScriptBuildPhase section */

/* Begin PBXSourcesBuildPhase section */
		7C9C8BAB1B22063C003D360C /* Sources */ = {
			isa = PBXSourcesBuildPhase;
			buildActionMask = 2147483647;
			files = (
				7C9C8BFB1B2327ED003D360C /* NSObject+Conversion.m in Sources */,
				CE8CD3EB1B22F05E0015A8C9 /* ScreenSaverLayerView.m in Sources */,
				7C9C8BF61B22611F003D360C /* Common.m in Sources */,
				7C9C8BEF1B224794003D360C /* Collections+Debug.m in Sources */,
				7C9C8BE21B221A9D003D360C /* PhotoSource.m in Sources */,
				7C9C8BDF1B221390003D360C /* PhotoSourceManager.m in Sources */,
				7C9C8BD81B220A0C003D360C /* FivehundredSource.m in Sources */,
				7C9C8BD91B220A0C003D360C /* ScreenSaver500pxView.m in Sources */,
				7C9C8BB71B22063C003D360C /* main.m in Sources */,
				7C9C8BB51B22063C003D360C /* AppDelegate.m in Sources */,
			);
			runOnlyForDeploymentPostprocessing = 0;
		};
		CED7C3CD1B21D2A20098027B /* Sources */ = {
			isa = PBXSourcesBuildPhase;
			buildActionMask = 2147483647;
			files = (
				7C9C8BF51B226062003D360C /* Common.m in Sources */,
				7C9C8BFA1B232563003D360C /* NSObject+Conversion.m in Sources */,
				7C9C8BEE1B22462D003D360C /* Collections+Debug.m in Sources */,
				CE8CD3EA1B22EEB20015A8C9 /* ScreenSaverLayerView.m in Sources */,
				CED7C3DA1B21D2A20098027B /* ScreenSaver500pxView.m in Sources */,
				7C9C8BAA1B220037003D360C /* FivehundredSource.m in Sources */,
				7C9C8BDE1B2211D6003D360C /* PhotoSourceManager.m in Sources */,
				7C9C8BE11B2219AA003D360C /* PhotoSource.m in Sources */,
			);
			runOnlyForDeploymentPostprocessing = 0;
		};
/* End PBXSourcesBuildPhase section */

/* Begin PBXVariantGroup section */
		7C9C8BBA1B22063C003D360C /* MainMenu.xib */ = {
			isa = PBXVariantGroup;
			children = (
				7C9C8BBB1B22063C003D360C /* Base */,
			);
			name = MainMenu.xib;
			sourceTree = "<group>";
		};
/* End PBXVariantGroup section */

/* Begin XCBuildConfiguration section */
		7C9C8BCA1B22063C003D360C /* Debug */ = {
			isa = XCBuildConfiguration;
			baseConfigurationReference = BB200605C8ED7CF3310B464F /* Pods.debug.xcconfig */;
			buildSettings = {
				CODE_SIGN_IDENTITY = "-";
				COMBINE_HIDPI_IMAGES = YES;
				GCC_PREPROCESSOR_DEFINITIONS = (
					"DEBUG=1",
					"$(inherited)",
				);
				INFOPLIST_FILE = ScreenSaverLoader/Info.plist;
				LD_RUNPATH_SEARCH_PATHS = "$(inherited) @executable_path/../Frameworks";
				PRODUCT_NAME = "$(TARGET_NAME)";
			};
			name = Debug;
		};
		7C9C8BCB1B22063C003D360C /* Release */ = {
			isa = XCBuildConfiguration;
			baseConfigurationReference = BD232B21C7FBACBF029F0689 /* Pods.release.xcconfig */;
			buildSettings = {
				CODE_SIGN_IDENTITY = "-";
				COMBINE_HIDPI_IMAGES = YES;
				INFOPLIST_FILE = ScreenSaverLoader/Info.plist;
				LD_RUNPATH_SEARCH_PATHS = "$(inherited) @executable_path/../Frameworks";
				PRODUCT_NAME = "$(TARGET_NAME)";
			};
			name = Release;
		};
		CED7C3DB1B21D2A20098027B /* Debug */ = {
			isa = XCBuildConfiguration;
			buildSettings = {
				ALWAYS_SEARCH_USER_PATHS = NO;
				CLANG_CXX_LANGUAGE_STANDARD = "gnu++0x";
				CLANG_CXX_LIBRARY = "libc++";
				CLANG_ENABLE_MODULES = YES;
				CLANG_ENABLE_OBJC_ARC = YES;
				CLANG_WARN_BOOL_CONVERSION = YES;
				CLANG_WARN_CONSTANT_CONVERSION = YES;
				CLANG_WARN_DIRECT_OBJC_ISA_USAGE = YES_ERROR;
				CLANG_WARN_EMPTY_BODY = YES;
				CLANG_WARN_ENUM_CONVERSION = YES;
				CLANG_WARN_INT_CONVERSION = YES;
				CLANG_WARN_OBJC_ROOT_CLASS = YES_ERROR;
				CLANG_WARN_UNREACHABLE_CODE = YES;
				CLANG_WARN__DUPLICATE_METHOD_MATCH = YES;
				COPY_PHASE_STRIP = NO;
				DEBUG_INFORMATION_FORMAT = dwarf;
				ENABLE_STRICT_OBJC_MSGSEND = YES;
				GCC_C_LANGUAGE_STANDARD = gnu99;
				GCC_DYNAMIC_NO_PIC = NO;
				GCC_NO_COMMON_BLOCKS = YES;
				GCC_OPTIMIZATION_LEVEL = 0;
				GCC_PREPROCESSOR_DEFINITIONS = (
					"DEBUG=1",
					"$(inherited)",
				);
				GCC_SYMBOLS_PRIVATE_EXTERN = NO;
				GCC_WARN_64_TO_32_BIT_CONVERSION = YES;
				GCC_WARN_ABOUT_RETURN_TYPE = YES_ERROR;
				GCC_WARN_UNDECLARED_SELECTOR = YES;
				GCC_WARN_UNINITIALIZED_AUTOS = YES_AGGRESSIVE;
				GCC_WARN_UNUSED_FUNCTION = YES;
				GCC_WARN_UNUSED_VARIABLE = YES;
				MACOSX_DEPLOYMENT_TARGET = 10.10;
				MTL_ENABLE_DEBUG_INFO = YES;
				ONLY_ACTIVE_ARCH = YES;
				SDKROOT = macosx;
			};
			name = Debug;
		};
		CED7C3DC1B21D2A20098027B /* Release */ = {
			isa = XCBuildConfiguration;
			buildSettings = {
				ALWAYS_SEARCH_USER_PATHS = NO;
				CLANG_CXX_LANGUAGE_STANDARD = "gnu++0x";
				CLANG_CXX_LIBRARY = "libc++";
				CLANG_ENABLE_MODULES = YES;
				CLANG_ENABLE_OBJC_ARC = YES;
				CLANG_WARN_BOOL_CONVERSION = YES;
				CLANG_WARN_CONSTANT_CONVERSION = YES;
				CLANG_WARN_DIRECT_OBJC_ISA_USAGE = YES_ERROR;
				CLANG_WARN_EMPTY_BODY = YES;
				CLANG_WARN_ENUM_CONVERSION = YES;
				CLANG_WARN_INT_CONVERSION = YES;
				CLANG_WARN_OBJC_ROOT_CLASS = YES_ERROR;
				CLANG_WARN_UNREACHABLE_CODE = YES;
				CLANG_WARN__DUPLICATE_METHOD_MATCH = YES;
				COPY_PHASE_STRIP = NO;
				DEBUG_INFORMATION_FORMAT = "dwarf-with-dsym";
				ENABLE_NS_ASSERTIONS = NO;
				ENABLE_STRICT_OBJC_MSGSEND = YES;
				GCC_C_LANGUAGE_STANDARD = gnu99;
				GCC_NO_COMMON_BLOCKS = YES;
				GCC_WARN_64_TO_32_BIT_CONVERSION = YES;
				GCC_WARN_ABOUT_RETURN_TYPE = YES_ERROR;
				GCC_WARN_UNDECLARED_SELECTOR = YES;
				GCC_WARN_UNINITIALIZED_AUTOS = YES_AGGRESSIVE;
				GCC_WARN_UNUSED_FUNCTION = YES;
				GCC_WARN_UNUSED_VARIABLE = YES;
				MACOSX_DEPLOYMENT_TARGET = 10.10;
				MTL_ENABLE_DEBUG_INFO = NO;
				SDKROOT = macosx;
			};
			name = Release;
		};
		CED7C3DE1B21D2A20098027B /* Debug */ = {
			isa = XCBuildConfiguration;
			baseConfigurationReference = BB200605C8ED7CF3310B464F /* Pods.debug.xcconfig */;
			buildSettings = {
				COMBINE_HIDPI_IMAGES = YES;
				DISPLAY_NAME = "500px ScreenSaver";
				INFOPLIST_FILE = ScreenSaver/Info.plist;
				INSTALL_PATH = "$(HOME)/Library/Screen Savers";
				PRODUCT_NAME = "$(DISPLAY_NAME)";
				WRAPPER_EXTENSION = saver;
			};
			name = Debug;
		};
		CED7C3DF1B21D2A20098027B /* Release */ = {
			isa = XCBuildConfiguration;
			baseConfigurationReference = BD232B21C7FBACBF029F0689 /* Pods.release.xcconfig */;
			buildSettings = {
				COMBINE_HIDPI_IMAGES = YES;
				DISPLAY_NAME = "500px ScreenSaver";
				INFOPLIST_FILE = ScreenSaver/Info.plist;
				INSTALL_PATH = "$(HOME)/Library/Screen Savers";
				PRODUCT_NAME = "$(DISPLAY_NAME)";
				WRAPPER_EXTENSION = saver;
			};
			name = Release;
		};
/* End XCBuildConfiguration section */

/* Begin XCConfigurationList section */
		7C9C8BC91B22063C003D360C /* Build configuration list for PBXNativeTarget "ScreenSaverLoader" */ = {
			isa = XCConfigurationList;
			buildConfigurations = (
				7C9C8BCA1B22063C003D360C /* Debug */,
				7C9C8BCB1B22063C003D360C /* Release */,
			);
			defaultConfigurationIsVisible = 0;
			defaultConfigurationName = Release;
		};
		CED7C3CC1B21D2A20098027B /* Build configuration list for PBXProject "ScreenSaver" */ = {
			isa = XCConfigurationList;
			buildConfigurations = (
				CED7C3DB1B21D2A20098027B /* Debug */,
				CED7C3DC1B21D2A20098027B /* Release */,
			);
			defaultConfigurationIsVisible = 0;
			defaultConfigurationName = Release;
		};
		CED7C3DD1B21D2A20098027B /* Build configuration list for PBXNativeTarget "ScreenSaver" */ = {
			isa = XCConfigurationList;
			buildConfigurations = (
				CED7C3DE1B21D2A20098027B /* Debug */,
				CED7C3DF1B21D2A20098027B /* Release */,
			);
			defaultConfigurationIsVisible = 0;
			defaultConfigurationName = Release;
		};
/* End XCConfigurationList section */
	};
	rootObject = CED7C3C91B21D2A20098027B /* Project object */;
}
